
Microsoft Visual Studio Solution File, Format Version 12.00
# Visual Studio Version 16
VisualStudioVersion = 16.0.29424.173
MinimumVisualStudioVersion = 10.0.40219.1
Project("{FAE04EC0-301F-11D3-BF4B-00C04F79EFBC}") = "TempletFoxLearnFromYoutube", "TempletFoxLearnFromYoutube\TempletFoxLearnFromYoutube.csproj", "{65331C6C-81DB-4A90-ABB7-7D9148316536}"
EndProject
Global
	GlobalSection(SolutionConfigurationPlatforms) = preSolution
		Debug|Any CPU = Debug|Any CPU
		Release|Any CPU = Release|Any CPU
	EndGlobalSection
	GlobalSection(ProjectConfigurationPlatforms) = postSolution
		{65331C6C-81DB-4A90-ABB7-7D9148316536}.Debug|Any CPU.ActiveCfg = Debug|Any CPU
		{65331C6C-81DB-4A90-ABB7-7D9148316536}.Debug|Any CPU.Build.0 = Debug|Any CPU
		{65331C6C-81DB-4A90-ABB7-7D9148316536}.Release|Any CPU.ActiveCfg = Release|Any CPU
		{65331C6C-81DB-4A90-ABB7-7D9148316536}.Release|Any CPU.Build.0 = Release|Any CPU
	EndGlobalSection
	GlobalSection(SolutionProperties) = preSolution
		HideSolutionNode = FALSE
	EndGlobalSection
	GlobalSection(ExtensibilityGlobals) = postSolution
		SolutionGuid = {23566D8D-BE2D-478C-AE46-6B25F13F8155}
	EndGlobalSection
EndGlobal
